// !$*UTF8*$!
{
	archiveVersion = 1;
	classes = {
	};
	objectVersion = 46;
	objects = {

/* Begin PBXBuildFile section */
		921DD7D214EADC89000EC9D0 /* NoSleepClientClass.cpp in Sources */ = {isa = PBXBuildFile; fileRef = 921DD7CE14EADC89000EC9D0 /* NoSleepClientClass.cpp */; };
		921DD7D314EADC89000EC9D0 /* NoSleepClientClass.h in Headers */ = {isa = PBXBuildFile; fileRef = 921DD7CF14EADC89000EC9D0 /* NoSleepClientClass.h */; };
		921DD7D414EADC89000EC9D0 /* NoSleepExtension.cpp in Sources */ = {isa = PBXBuildFile; fileRef = 921DD7D014EADC89000EC9D0 /* NoSleepExtension.cpp */; };
		921DD7D514EADC89000EC9D0 /* NoSleepExtension.h in Headers */ = {isa = PBXBuildFile; fileRef = 921DD7D114EADC89000EC9D0 /* NoSleepExtension.h */; };
		929E140E14EEBE830090395B /* NoSleepExtensionPower.cpp in Sources */ = {isa = PBXBuildFile; fileRef = 929E140D14EEBE830090395B /* NoSleepExtensionPower.cpp */; };
/* End PBXBuildFile section */

/* Begin PBXContainerItemProxy section */
		9214DEC614EAE98A00714414 /* PBXContainerItemProxy */ = {
			isa = PBXContainerItemProxy;
			containerPortal = 9214DEBF14EAE98A00714414 /* NoSleepFramework.xcodeproj */;
			proxyType = 2;
			remoteGlobalIDString = 921DD84814EAE2D9000EC9D0;
			remoteInfo = NoSleep;
		};
		92987E9A14EC30F200DA7075 /* PBXContainerItemProxy */ = {
			isa = PBXContainerItemProxy;
			containerPortal = 9214DEBF14EAE98A00714414 /* NoSleepFramework.xcodeproj */;
			proxyType = 2;
			remoteGlobalIDString = 92987E8A14EC2F5700DA7075;
			remoteInfo = NoSleepStatic;
		};
		92987EA514EC35D100DA7075 /* PBXContainerItemProxy */ = {
			isa = PBXContainerItemProxy;
			containerPortal = 9214DEBF14EAE98A00714414 /* NoSleepFramework.xcodeproj */;
			proxyType = 1;
			remoteGlobalIDString = 921DD84714EAE2D9000EC9D0;
			remoteInfo = NoSleepFramework;
		};
/* End PBXContainerItemProxy section */

/* Begin PBXFileReference section */
		9214DEBF14EAE98A00714414 /* NoSleepFramework.xcodeproj */ = {isa = PBXFileReference; lastKnownFileType = "wrapper.pb-project"; name = NoSleepFramework.xcodeproj; path = ../NoSleepFramework/NoSleepFramework.xcodeproj; sourceTree = "<group>"; };
		921DD7B314EADC25000EC9D0 /* NoSleep.kext */ = {isa = PBXFileReference; explicitFileType = wrapper.cfbundle; includeInIndex = 0; path = NoSleep.kext; sourceTree = BUILT_PRODUCTS_DIR; };
		921DD7BA14EADC26000EC9D0 /* NoSleepKext-Info.plist */ = {isa = PBXFileReference; lastKnownFileType = text.plist.xml; path = "NoSleepKext-Info.plist"; sourceTree = "<group>"; };
		921DD7C214EADC26000EC9D0 /* NoSleepKext-Prefix.pch */ = {isa = PBXFileReference; lastKnownFileType = sourcecode.c.h; path = "NoSleepKext-Prefix.pch"; sourceTree = "<group>"; };
		921DD7CE14EADC89000EC9D0 /* NoSleepClientClass.cpp */ = {isa = PBXFileReference; fileEncoding = 4; lastKnownFileType = sourcecode.cpp.cpp; path = NoSleepClientClass.cpp; sourceTree = "<group>"; };
		921DD7CF14EADC89000EC9D0 /* NoSleepClientClass.h */ = {isa = PBXFileReference; fileEncoding = 4; lastKnownFileType = sourcecode.c.h; path = NoSleepClientClass.h; sourceTree = "<group>"; };
		921DD7D014EADC89000EC9D0 /* NoSleepExtension.cpp */ = {isa = PBXFileReference; fileEncoding = 4; lastKnownFileType = sourcecode.cpp.cpp; path = NoSleepExtension.cpp; sourceTree = "<group>"; };
		921DD7D114EADC89000EC9D0 /* NoSleepExtension.h */ = {isa = PBXFileReference; fileEncoding = 4; lastKnownFileType = sourcecode.c.h; path = NoSleepExtension.h; sourceTree = "<group>"; };
		929E140D14EEBE830090395B /* NoSleepExtensionPower.cpp */ = {isa = PBXFileReference; fileEncoding = 4; lastKnownFileType = sourcecode.cpp.cpp; path = NoSleepExtensionPower.cpp; sourceTree = "<group>"; };
/* End PBXFileReference section */

/* Begin PBXFrameworksBuildPhase section */
		921DD7AE14EADC25000EC9D0 /* Frameworks */ = {
			isa = PBXFrameworksBuildPhase;
			buildActionMask = 2147483647;
			files = (
			);
			runOnlyForDeploymentPostprocessing = 0;
		};
/* End PBXFrameworksBuildPhase section */

/* Begin PBXGroup section */
		9214DEC014EAE98A00714414 /* Products */ = {
			isa = PBXGroup;
			children = (
				9214DEC714EAE98A00714414 /* NoSleep.framework */,
				92987E9B14EC30F200DA7075 /* libNoSleep.a */,
			);
			name = Products;
			sourceTree = "<group>";
		};
		921DD7A614EADC25000EC9D0 = {
			isa = PBXGroup;
			children = (
				92D922B314EAEAFD008AB70E /* Dependencies */,
				921DD7B814EADC25000EC9D0 /* NoSleepKext */,
				921DD7B414EADC25000EC9D0 /* Products */,
			);
			sourceTree = "<group>";
		};
		921DD7B414EADC25000EC9D0 /* Products */ = {
			isa = PBXGroup;
			children = (
				921DD7B314EADC25000EC9D0 /* NoSleep.kext */,
			);
			name = Products;
			sourceTree = "<group>";
		};
		921DD7B814EADC25000EC9D0 /* NoSleepKext */ = {
			isa = PBXGroup;
			children = (
				921DD7CE14EADC89000EC9D0 /* NoSleepClientClass.cpp */,
				921DD7CF14EADC89000EC9D0 /* NoSleepClientClass.h */,
				929E140D14EEBE830090395B /* NoSleepExtensionPower.cpp */,
				921DD7D014EADC89000EC9D0 /* NoSleepExtension.cpp */,
				921DD7D114EADC89000EC9D0 /* NoSleepExtension.h */,
				921DD7B914EADC26000EC9D0 /* Supporting Files */,
			);
			path = NoSleepKext;
			sourceTree = "<group>";
		};
		921DD7B914EADC26000EC9D0 /* Supporting Files */ = {
			isa = PBXGroup;
			children = (
				921DD7BA14EADC26000EC9D0 /* NoSleepKext-Info.plist */,
				921DD7C214EADC26000EC9D0 /* NoSleepKext-Prefix.pch */,
			);
			name = "Supporting Files";
			sourceTree = "<group>";
		};
		92D922B314EAEAFD008AB70E /* Dependencies */ = {
			isa = PBXGroup;
			children = (
				9214DEBF14EAE98A00714414 /* NoSleepFramework.xcodeproj */,
			);
			name = Dependencies;
			sourceTree = "<group>";
		};
/* End PBXGroup section */

/* Begin PBXHeadersBuildPhase section */
		921DD7AF14EADC25000EC9D0 /* Headers */ = {
			isa = PBXHeadersBuildPhase;
			buildActionMask = 2147483647;
			files = (
				921DD7D314EADC89000EC9D0 /* NoSleepClientClass.h in Headers */,
				921DD7D514EADC89000EC9D0 /* NoSleepExtension.h in Headers */,
			);
			runOnlyForDeploymentPostprocessing = 0;
		};
/* End PBXHeadersBuildPhase section */

/* Begin PBXNativeTarget section */
		921DD7B214EADC25000EC9D0 /* NoSleepKext */ = {
			isa = PBXNativeTarget;
			buildConfigurationList = 921DD7C514EADC26000EC9D0 /* Build configuration list for PBXNativeTarget "NoSleepKext" */;
			buildPhases = (
				921DD7AD14EADC25000EC9D0 /* Sources */,
				921DD7AE14EADC25000EC9D0 /* Frameworks */,
				921DD7AF14EADC25000EC9D0 /* Headers */,
				921DD7B014EADC25000EC9D0 /* Resources */,
			);
			buildRules = (
			);
			dependencies = (
				92987EA614EC35D100DA7075 /* PBXTargetDependency */,
			);
			name = NoSleepKext;
			productName = NoSleepKext;
			productReference = 921DD7B314EADC25000EC9D0 /* NoSleep.kext */;
			productType = "com.apple.product-type.kernel-extension";
		};
/* End PBXNativeTarget section */

/* Begin PBXProject section */
		921DD7A814EADC25000EC9D0 /* Project object */ = {
			isa = PBXProject;
			attributes = {
				LastUpgradeCheck = 0430;
			};
			buildConfigurationList = 921DD7AB14EADC25000EC9D0 /* Build configuration list for PBXProject "NoSleepKext" */;
			compatibilityVersion = "Xcode 3.2";
			developmentRegion = English;
			hasScannedForEncodings = 0;
			knownRegions = (
				en,
			);
			mainGroup = 921DD7A614EADC25000EC9D0;
			productRefGroup = 921DD7B414EADC25000EC9D0 /* Products */;
			projectDirPath = "";
			projectReferences = (
				{
					ProductGroup = 9214DEC014EAE98A00714414 /* Products */;
					ProjectRef = 9214DEBF14EAE98A00714414 /* NoSleepFramework.xcodeproj */;
				},
			);
			projectRoot = "";
			targets = (
				921DD7B214EADC25000EC9D0 /* NoSleepKext */,
			);
		};
/* End PBXProject section */

/* Begin PBXReferenceProxy section */
		9214DEC714EAE98A00714414 /* NoSleep.framework */ = {
			isa = PBXReferenceProxy;
			fileType = wrapper.framework;
			path = NoSleep.framework;
			remoteRef = 9214DEC614EAE98A00714414 /* PBXContainerItemProxy */;
			sourceTree = BUILT_PRODUCTS_DIR;
		};
		92987E9B14EC30F200DA7075 /* libNoSleep.a */ = {
			isa = PBXReferenceProxy;
			fileType = archive.ar;
			path = libNoSleep.a;
			remoteRef = 92987E9A14EC30F200DA7075 /* PBXContainerItemProxy */;
			sourceTree = BUILT_PRODUCTS_DIR;
		};
/* End PBXReferenceProxy section */

/* Begin PBXResourcesBuildPhase section */
		921DD7B014EADC25000EC9D0 /* Resources */ = {
			isa = PBXResourcesBuildPhase;
			buildActionMask = 2147483647;
			files = (
			);
			runOnlyForDeploymentPostprocessing = 0;
		};
/* End PBXResourcesBuildPhase section */

/* Begin PBXSourcesBuildPhase section */
		921DD7AD14EADC25000EC9D0 /* Sources */ = {
			isa = PBXSourcesBuildPhase;
			buildActionMask = 2147483647;
			files = (
				921DD7D214EADC89000EC9D0 /* NoSleepClientClass.cpp in Sources */,
				921DD7D414EADC89000EC9D0 /* NoSleepExtension.cpp in Sources */,
				929E140E14EEBE830090395B /* NoSleepExtensionPower.cpp in Sources */,
			);
			runOnlyForDeploymentPostprocessing = 0;
		};
/* End PBXSourcesBuildPhase section */

/* Begin PBXTargetDependency section */
		92987EA614EC35D100DA7075 /* PBXTargetDependency */ = {
			isa = PBXTargetDependency;
			name = NoSleepFramework;
			targetProxy = 92987EA514EC35D100DA7075 /* PBXContainerItemProxy */;
		};
/* End PBXTargetDependency section */

/* Begin XCBuildConfiguration section */
		921DD7C314EADC26000EC9D0 /* Debug */ = {
			isa = XCBuildConfiguration;
			buildSettings = {
				ALWAYS_SEARCH_USER_PATHS = NO;
				ARCHS = "$(ARCHS_STANDARD_32_64_BIT)";
				COPYRIGHT = "Copyright © 2012 Pavel Prokofiev. All rights reserved.";
				COPY_PHASE_STRIP = NO;
				GCC_C_LANGUAGE_STANDARD = gnu99;
				GCC_DYNAMIC_NO_PIC = NO;
				GCC_ENABLE_OBJC_EXCEPTIONS = YES;
				GCC_OPTIMIZATION_LEVEL = 0;
				GCC_PREPROCESSOR_DEFINITIONS = (
					"DEBUG=1",
					"$(inherited)",
				);
				GCC_SYMBOLS_PRIVATE_EXTERN = NO;
				GCC_VERSION = com.apple.compilers.llvm.clang.1_0;
				GCC_WARN_64_TO_32_BIT_CONVERSION = YES;
				GCC_WARN_ABOUT_MISSING_PROTOTYPES = YES;
				GCC_WARN_ABOUT_RETURN_TYPE = YES;
				GCC_WARN_UNUSED_VARIABLE = YES;
				MACOSX_DEPLOYMENT_TARGET = 10.6;
				ONLY_ACTIVE_ARCH = YES;
				PRODUCT_VERSION = 1.3.1;
				SDKROOT = macosx;
				SKIP_INSTALL = YES;
			};
			name = Debug;
		};
		921DD7C414EADC26000EC9D0 /* Release */ = {
			isa = XCBuildConfiguration;
			buildSettings = {
				ALWAYS_SEARCH_USER_PATHS = NO;
				ARCHS = "$(ARCHS_STANDARD_32_64_BIT)";
				COPYRIGHT = "Copyright © 2012 Pavel Prokofiev. All rights reserved.";
				COPY_PHASE_STRIP = YES;
				DEBUG_INFORMATION_FORMAT = "dwarf-with-dsym";
				GCC_C_LANGUAGE_STANDARD = gnu99;
				GCC_ENABLE_OBJC_EXCEPTIONS = YES;
				GCC_VERSION = com.apple.compilers.llvm.clang.1_0;
				GCC_WARN_64_TO_32_BIT_CONVERSION = YES;
				GCC_WARN_ABOUT_MISSING_PROTOTYPES = YES;
				GCC_WARN_ABOUT_RETURN_TYPE = YES;
				GCC_WARN_UNUSED_VARIABLE = YES;
				MACOSX_DEPLOYMENT_TARGET = 10.6;
				PRODUCT_VERSION = 1.3.1;
				SDKROOT = macosx;
				SKIP_INSTALL = YES;
			};
			name = Release;
		};
		921DD7C614EADC26000EC9D0 /* Debug */ = {
			isa = XCBuildConfiguration;
			buildSettings = {
				CURRENT_PROJECT_VERSION = 1.0.0d1;
				GCC_PRECOMPILE_PREFIX_HEADER = YES;
				GCC_PREFIX_HEADER = "NoSleepKext/NoSleepKext-Prefix.pch";
				GCC_VERSION = com.apple.compilers.llvm.clang.1_0;
				INFOPLIST_FILE = "NoSleepKext/NoSleepKext-Info.plist";
				INSTALL_GROUP = wheel;
				INSTALL_OWNER = root;
				MODULE_NAME = com.protech.NoSleep;
				MODULE_VERSION = "${PRODUCT_VERSION}";
				PRODUCT_NAME = NoSleep;
				WRAPPER_EXTENSION = kext;
			};
			name = Debug;
		};
		921DD7C714EADC26000EC9D0 /* Release */ = {
			isa = XCBuildConfiguration;
			buildSettings = {
				CURRENT_PROJECT_VERSION = 1.0.0d1;
				GCC_PRECOMPILE_PREFIX_HEADER = YES;
				GCC_PREFIX_HEADER = "NoSleepKext/NoSleepKext-Prefix.pch";
				GCC_VERSION = com.apple.compilers.llvm.clang.1_0;
				INFOPLIST_FILE = "NoSleepKext/NoSleepKext-Info.plist";
				INSTALL_GROUP = wheel;
				INSTALL_OWNER = root;
				MODULE_NAME = com.protech.NoSleep;
				MODULE_VERSION = "${PRODUCT_VERSION}";
				PRODUCT_NAME = NoSleep;
				WRAPPER_EXTENSION = kext;
			};
			name = Release;
		};
/* End XCBuildConfiguration section */

/* Begin XCConfigurationList section */
		921DD7AB14EADC25000EC9D0 /* Build configuration list for PBXProject "NoSleepKext" */ = {
			isa = XCConfigurationList;
			buildConfigurations = (
				921DD7C314EADC26000EC9D0 /* Debug */,
				921DD7C414EADC26000EC9D0 /* Release */,
			);
			defaultConfigurationIsVisible = 0;
			defaultConfigurationName = Release;
		};
		921DD7C514EADC26000EC9D0 /* Build configuration list for PBXNativeTarget "NoSleepKext" */ = {
			isa = XCConfigurationList;
			buildConfigurations = (
				921DD7C614EADC26000EC9D0 /* Debug */,
				921DD7C714EADC26000EC9D0 /* Release */,
			);
			defaultConfigurationIsVisible = 0;
			defaultConfigurationName = Release;
		};
/* End XCConfigurationList section */
	};
	rootObject = 921DD7A814EADC25000EC9D0 /* Project object */;
}
