// !$*UTF8*$!
{
	archiveVersion = 1;
	classes = {
	};
	objectVersion = 46;
	objects = {

/* Begin PBXBuildFile section */
		92987E9414EC2FAA00DA7075 /* libNoSleep.a in Frameworks */ = {isa = PBXBuildFile; fileRef = 92987E9214EC2FA400DA7075 /* libNoSleep.a */; };
		92987E9614EC2FFD00DA7075 /* IOKit.framework in Frameworks */ = {isa = PBXBuildFile; fileRef = 92987E9514EC2FFD00DA7075 /* IOKit.framework */; };
		9299A83614F5308E00F1DB9F /* AppleACW.icns in Resources */ = {isa = PBXBuildFile; fileRef = 9299A83514F5308E00F1DB9F /* AppleACW.icns */; };
		9299A83914F538AF00F1DB9F /* AppleBattery.icns in Resources */ = {isa = PBXBuildFile; fileRef = 9299A83714F538AF00F1DB9F /* AppleBattery.icns */; };
		9299A84914F5815B00F1DB9F /* Logo.icns in Resources */ = {isa = PBXBuildFile; fileRef = 9299A84814F5815B00F1DB9F /* Logo.icns */; };
		92D922C614EAEB29008AB70E /* Cocoa.framework in Frameworks */ = {isa = PBXBuildFile; fileRef = 92D922C514EAEB29008AB70E /* Cocoa.framework */; };
		92D922C814EAEB29008AB70E /* PreferencePanes.framework in Frameworks */ = {isa = PBXBuildFile; fileRef = 92D922C714EAEB29008AB70E /* PreferencePanes.framework */; };
		92D922D214EAEB29008AB70E /* InfoPlist.strings in Resources */ = {isa = PBXBuildFile; fileRef = 92D922D014EAEB29008AB70E /* InfoPlist.strings */; };
		92D9232814EB033F008AB70E /* NoSleepPref.xib in Resources */ = {isa = PBXBuildFile; fileRef = 92D9232314EB033F008AB70E /* NoSleepPref.xib */; };
		92D9232A14EB033F008AB70E /* NoSleepPreferences.h in Headers */ = {isa = PBXBuildFile; fileRef = 92D9232614EB033F008AB70E /* NoSleepPreferences.h */; };
		92D9232B14EB033F008AB70E /* NoSleepPreferences.m in Sources */ = {isa = PBXBuildFile; fileRef = 92D9232714EB033F008AB70E /* NoSleepPreferences.m */; };
/* End PBXBuildFile section */

/* Begin PBXContainerItemProxy section */
		92987E9114EC2FA400DA7075 /* PBXContainerItemProxy */ = {
			isa = PBXContainerItemProxy;
			containerPortal = 92D922EC14EAEB79008AB70E /* NoSleepFramework.xcodeproj */;
			proxyType = 2;
			remoteGlobalIDString = 92987E8A14EC2F5700DA7075;
			remoteInfo = NoSleepStatic;
		};
		92987E9714EC30C400DA7075 /* PBXContainerItemProxy */ = {
			isa = PBXContainerItemProxy;
			containerPortal = 92D922EC14EAEB79008AB70E /* NoSleepFramework.xcodeproj */;
			proxyType = 1;
			remoteGlobalIDString = 92987E8914EC2F5700DA7075;
			remoteInfo = NoSleepStatic;
		};
		92987EA714EC35DD00DA7075 /* PBXContainerItemProxy */ = {
			isa = PBXContainerItemProxy;
			containerPortal = 92D922EC14EAEB79008AB70E /* NoSleepFramework.xcodeproj */;
			proxyType = 1;
			remoteGlobalIDString = 921DD84714EAE2D9000EC9D0;
			remoteInfo = NoSleepFramework;
		};
		92D922F014EAEB79008AB70E /* PBXContainerItemProxy */ = {
			isa = PBXContainerItemProxy;
			containerPortal = 92D922EC14EAEB79008AB70E /* NoSleepFramework.xcodeproj */;
			proxyType = 2;
			remoteGlobalIDString = 921DD84814EAE2D9000EC9D0;
			remoteInfo = NoSleep;
		};
/* End PBXContainerItemProxy section */

/* Begin PBXFileReference section */
		92987E9514EC2FFD00DA7075 /* IOKit.framework */ = {isa = PBXFileReference; lastKnownFileType = wrapper.framework; name = IOKit.framework; path = System/Library/Frameworks/IOKit.framework; sourceTree = SDKROOT; };
		9299A83314F2F5CB00F1DB9F /* AppleAC.icns */ = {isa = PBXFileReference; lastKnownFileType = image.icns; path = AppleAC.icns; sourceTree = "<group>"; };
		9299A83514F5308E00F1DB9F /* AppleACW.icns */ = {isa = PBXFileReference; lastKnownFileType = image.icns; path = AppleACW.icns; sourceTree = "<group>"; };
		9299A83714F538AF00F1DB9F /* AppleBattery.icns */ = {isa = PBXFileReference; lastKnownFileType = image.icns; path = AppleBattery.icns; sourceTree = "<group>"; };
		9299A84814F5815B00F1DB9F /* Logo.icns */ = {isa = PBXFileReference; lastKnownFileType = image.icns; name = Logo.icns; path = ../../NoSleepFramework/NoSleepFramework/Logo.icns; sourceTree = "<group>"; };
		92D922C214EAEB29008AB70E /* NoSleep.prefPane */ = {isa = PBXFileReference; explicitFileType = wrapper.cfbundle; includeInIndex = 0; path = NoSleep.prefPane; sourceTree = BUILT_PRODUCTS_DIR; };
		92D922C514EAEB29008AB70E /* Cocoa.framework */ = {isa = PBXFileReference; lastKnownFileType = wrapper.framework; name = Cocoa.framework; path = System/Library/Frameworks/Cocoa.framework; sourceTree = SDKROOT; };
		92D922C714EAEB29008AB70E /* PreferencePanes.framework */ = {isa = PBXFileReference; lastKnownFileType = wrapper.framework; name = PreferencePanes.framework; path = System/Library/Frameworks/PreferencePanes.framework; sourceTree = SDKROOT; };
		92D922CA14EAEB29008AB70E /* AppKit.framework */ = {isa = PBXFileReference; lastKnownFileType = wrapper.framework; name = AppKit.framework; path = System/Library/Frameworks/AppKit.framework; sourceTree = SDKROOT; };
		92D922CB14EAEB29008AB70E /* CoreData.framework */ = {isa = PBXFileReference; lastKnownFileType = wrapper.framework; name = CoreData.framework; path = System/Library/Frameworks/CoreData.framework; sourceTree = SDKROOT; };
		92D922CC14EAEB29008AB70E /* Foundation.framework */ = {isa = PBXFileReference; lastKnownFileType = wrapper.framework; name = Foundation.framework; path = System/Library/Frameworks/Foundation.framework; sourceTree = SDKROOT; };
		92D922CF14EAEB29008AB70E /* NoSleepPref-Info.plist */ = {isa = PBXFileReference; lastKnownFileType = text.plist.xml; path = "NoSleepPref-Info.plist"; sourceTree = "<group>"; };
		92D922D114EAEB29008AB70E /* en */ = {isa = PBXFileReference; lastKnownFileType = text.plist.strings; name = en; path = en.lproj/InfoPlist.strings; sourceTree = "<group>"; };
		92D922D314EAEB2A008AB70E /* NoSleepPref-Prefix.pch */ = {isa = PBXFileReference; lastKnownFileType = sourcecode.c.h; path = "NoSleepPref-Prefix.pch"; sourceTree = "<group>"; };
		92D922EC14EAEB79008AB70E /* NoSleepFramework.xcodeproj */ = {isa = PBXFileReference; lastKnownFileType = "wrapper.pb-project"; name = NoSleepFramework.xcodeproj; path = ../NoSleepFramework/NoSleepFramework.xcodeproj; sourceTree = "<group>"; };
		92D9232414EB033F008AB70E /* en */ = {isa = PBXFileReference; lastKnownFileType = file.xib; name = en; path = en.lproj/NoSleepPref.xib; sourceTree = "<group>"; };
		92D9232514EB033F008AB70E /* NoSleepPref.tiff */ = {isa = PBXFileReference; lastKnownFileType = image.tiff; path = NoSleepPref.tiff; sourceTree = "<group>"; };
		92D9232614EB033F008AB70E /* NoSleepPreferences.h */ = {isa = PBXFileReference; fileEncoding = 4; lastKnownFileType = sourcecode.c.h; path = NoSleepPreferences.h; sourceTree = "<group>"; };
		92D9232714EB033F008AB70E /* NoSleepPreferences.m */ = {isa = PBXFileReference; fileEncoding = 4; lastKnownFileType = sourcecode.c.objc; path = NoSleepPreferences.m; sourceTree = "<group>"; };
/* End PBXFileReference section */

/* Begin PBXFrameworksBuildPhase section */
		92D922BD14EAEB29008AB70E /* Frameworks */ = {
			isa = PBXFrameworksBuildPhase;
			buildActionMask = 2147483647;
			files = (
				92987E9614EC2FFD00DA7075 /* IOKit.framework in Frameworks */,
				92987E9414EC2FAA00DA7075 /* libNoSleep.a in Frameworks */,
				92D922C614EAEB29008AB70E /* Cocoa.framework in Frameworks */,
				92D922C814EAEB29008AB70E /* PreferencePanes.framework in Frameworks */,
			);
			runOnlyForDeploymentPostprocessing = 0;
		};
/* End PBXFrameworksBuildPhase section */

/* Begin PBXGroup section */
		92D922B514EAEB29008AB70E = {
			isa = PBXGroup;
			children = (
				92D922EB14EAEB66008AB70E /* Dependencies */,
				92D922CD14EAEB29008AB70E /* NoSleepPref */,
				92D922C414EAEB29008AB70E /* Frameworks */,
				92D922C314EAEB29008AB70E /* Products */,
			);
			sourceTree = "<group>";
		};
		92D922C314EAEB29008AB70E /* Products */ = {
			isa = PBXGroup;
			children = (
				92D922C214EAEB29008AB70E /* NoSleep.prefPane */,
			);
			name = Products;
			sourceTree = "<group>";
		};
		92D922C414EAEB29008AB70E /* Frameworks */ = {
			isa = PBXGroup;
			children = (
				92987E9514EC2FFD00DA7075 /* IOKit.framework */,
				92D922C514EAEB29008AB70E /* Cocoa.framework */,
				92D922C714EAEB29008AB70E /* PreferencePanes.framework */,
				92D922C914EAEB29008AB70E /* Other Frameworks */,
			);
			name = Frameworks;
			sourceTree = "<group>";
		};
		92D922C914EAEB29008AB70E /* Other Frameworks */ = {
			isa = PBXGroup;
			children = (
				92D922CA14EAEB29008AB70E /* AppKit.framework */,
				92D922CB14EAEB29008AB70E /* CoreData.framework */,
				92D922CC14EAEB29008AB70E /* Foundation.framework */,
			);
			name = "Other Frameworks";
			sourceTree = "<group>";
		};
		92D922CD14EAEB29008AB70E /* NoSleepPref */ = {
			isa = PBXGroup;
			children = (
				9299A84814F5815B00F1DB9F /* Logo.icns */,
				9299A83714F538AF00F1DB9F /* AppleBattery.icns */,
				9299A83514F5308E00F1DB9F /* AppleACW.icns */,
				9299A83314F2F5CB00F1DB9F /* AppleAC.icns */,
				92D9232314EB033F008AB70E /* NoSleepPref.xib */,
				92D9232514EB033F008AB70E /* NoSleepPref.tiff */,
				92D9232614EB033F008AB70E /* NoSleepPreferences.h */,
				92D9232714EB033F008AB70E /* NoSleepPreferences.m */,
				92D922CE14EAEB29008AB70E /* Supporting Files */,
			);
			path = NoSleepPref;
			sourceTree = "<group>";
		};
		92D922CE14EAEB29008AB70E /* Supporting Files */ = {
			isa = PBXGroup;
			children = (
				92D922CF14EAEB29008AB70E /* NoSleepPref-Info.plist */,
				92D922D014EAEB29008AB70E /* InfoPlist.strings */,
				92D922D314EAEB2A008AB70E /* NoSleepPref-Prefix.pch */,
			);
			name = "Supporting Files";
			sourceTree = "<group>";
		};
		92D922EB14EAEB66008AB70E /* Dependencies */ = {
			isa = PBXGroup;
			children = (
				92D922EC14EAEB79008AB70E /* NoSleepFramework.xcodeproj */,
			);
			name = Dependencies;
			sourceTree = "<group>";
		};
		92D922ED14EAEB79008AB70E /* Products */ = {
			isa = PBXGroup;
			children = (
				92D922F114EAEB79008AB70E /* NoSleep.framework */,
				92987E9214EC2FA400DA7075 /* libNoSleep.a */,
			);
			name = Products;
			sourceTree = "<group>";
		};
/* End PBXGroup section */

/* Begin PBXHeadersBuildPhase section */
		92D922BE14EAEB29008AB70E /* Headers */ = {
			isa = PBXHeadersBuildPhase;
			buildActionMask = 2147483647;
			files = (
				92D9232A14EB033F008AB70E /* NoSleepPreferences.h in Headers */,
			);
			runOnlyForDeploymentPostprocessing = 0;
		};
/* End PBXHeadersBuildPhase section */

/* Begin PBXNativeTarget section */
		92D922C114EAEB29008AB70E /* NoSleepPref */ = {
			isa = PBXNativeTarget;
			buildConfigurationList = 92D922DF14EAEB2A008AB70E /* Build configuration list for PBXNativeTarget "NoSleepPref" */;
			buildPhases = (
				92D922BC14EAEB29008AB70E /* Sources */,
				92D922BD14EAEB29008AB70E /* Frameworks */,
				92D922BE14EAEB29008AB70E /* Headers */,
				92D922BF14EAEB29008AB70E /* Resources */,
			);
			buildRules = (
			);
			dependencies = (
				92987EA814EC35DD00DA7075 /* PBXTargetDependency */,
				92987E9814EC30C400DA7075 /* PBXTargetDependency */,
			);
			name = NoSleepPref;
			productName = NoSleepPref;
			productReference = 92D922C214EAEB29008AB70E /* NoSleep.prefPane */;
			productType = "com.apple.product-type.bundle";
		};
/* End PBXNativeTarget section */

/* Begin PBXProject section */
		92D922B714EAEB29008AB70E /* Project object */ = {
			isa = PBXProject;
			buildConfigurationList = 92D922BA14EAEB29008AB70E /* Build configuration list for PBXProject "NoSleepPref" */;
			compatibilityVersion = "Xcode 3.2";
			developmentRegion = English;
			hasScannedForEncodings = 0;
			knownRegions = (
				en,
			);
			mainGroup = 92D922B514EAEB29008AB70E;
			productRefGroup = 92D922C314EAEB29008AB70E /* Products */;
			projectDirPath = "";
			projectReferences = (
				{
					ProductGroup = 92D922ED14EAEB79008AB70E /* Products */;
					ProjectRef = 92D922EC14EAEB79008AB70E /* NoSleepFramework.xcodeproj */;
				},
			);
			projectRoot = "";
			targets = (
				92D922C114EAEB29008AB70E /* NoSleepPref */,
			);
		};
/* End PBXProject section */

/* Begin PBXReferenceProxy section */
		92987E9214EC2FA400DA7075 /* libNoSleep.a */ = {
			isa = PBXReferenceProxy;
			fileType = archive.ar;
			path = libNoSleep.a;
			remoteRef = 92987E9114EC2FA400DA7075 /* PBXContainerItemProxy */;
			sourceTree = BUILT_PRODUCTS_DIR;
		};
		92D922F114EAEB79008AB70E /* NoSleep.framework */ = {
			isa = PBXReferenceProxy;
			fileType = wrapper.framework;
			path = NoSleep.framework;
			remoteRef = 92D922F014EAEB79008AB70E /* PBXContainerItemProxy */;
			sourceTree = BUILT_PRODUCTS_DIR;
		};
/* End PBXReferenceProxy section */

/* Begin PBXResourcesBuildPhase section */
		92D922BF14EAEB29008AB70E /* Resources */ = {
			isa = PBXResourcesBuildPhase;
			buildActionMask = 2147483647;
			files = (
				92D922D214EAEB29008AB70E /* InfoPlist.strings in Resources */,
				92D9232814EB033F008AB70E /* NoSleepPref.xib in Resources */,
				9299A83614F5308E00F1DB9F /* AppleACW.icns in Resources */,
				9299A83914F538AF00F1DB9F /* AppleBattery.icns in Resources */,
				9299A84914F5815B00F1DB9F /* Logo.icns in Resources */,
			);
			runOnlyForDeploymentPostprocessing = 0;
		};
/* End PBXResourcesBuildPhase section */

/* Begin PBXSourcesBuildPhase section */
		92D922BC14EAEB29008AB70E /* Sources */ = {
			isa = PBXSourcesBuildPhase;
			buildActionMask = 2147483647;
			files = (
				92D9232B14EB033F008AB70E /* NoSleepPreferences.m in Sources */,
			);
			runOnlyForDeploymentPostprocessing = 0;
		};
/* End PBXSourcesBuildPhase section */

/* Begin PBXTargetDependency section */
		92987E9814EC30C400DA7075 /* PBXTargetDependency */ = {
			isa = PBXTargetDependency;
			name = NoSleepStatic;
			targetProxy = 92987E9714EC30C400DA7075 /* PBXContainerItemProxy */;
		};
		92987EA814EC35DD00DA7075 /* PBXTargetDependency */ = {
			isa = PBXTargetDependency;
			name = NoSleepFramework;
			targetProxy = 92987EA714EC35DD00DA7075 /* PBXContainerItemProxy */;
		};
/* End PBXTargetDependency section */

/* Begin PBXVariantGroup section */
		92D922D014EAEB29008AB70E /* InfoPlist.strings */ = {
			isa = PBXVariantGroup;
			children = (
				92D922D114EAEB29008AB70E /* en */,
			);
			name = InfoPlist.strings;
			sourceTree = "<group>";
		};
		92D9232314EB033F008AB70E /* NoSleepPref.xib */ = {
			isa = PBXVariantGroup;
			children = (
				92D9232414EB033F008AB70E /* en */,
			);
			name = NoSleepPref.xib;
			sourceTree = "<group>";
		};
/* End PBXVariantGroup section */

/* Begin XCBuildConfiguration section */
		92D922DD14EAEB2A008AB70E /* Debug */ = {
			isa = XCBuildConfiguration;
			buildSettings = {
				ALWAYS_SEARCH_USER_PATHS = NO;
				ARCHS = "$(ARCHS_STANDARD_32_64_BIT)";
				COPYRIGHT = "Copyright © 2012 Pavel Prokofiev. All rights reserved.";
				COPY_PHASE_STRIP = NO;
				GCC_C_LANGUAGE_STANDARD = gnu99;
				GCC_DYNAMIC_NO_PIC = NO;
				GCC_ENABLE_OBJC_EXCEPTIONS = YES;
				GCC_ENABLE_OBJC_GC = supported;
				GCC_OPTIMIZATION_LEVEL = 0;
				GCC_PREPROCESSOR_DEFINITIONS = (
					"DEBUG=1",
					"$(inherited)",
				);
				GCC_SYMBOLS_PRIVATE_EXTERN = NO;
				GCC_VERSION = com.apple.compilers.llvm.clang.1_0;
				GCC_WARN_64_TO_32_BIT_CONVERSION = YES;
				GCC_WARN_ABOUT_MISSING_PROTOTYPES = YES;
				GCC_WARN_ABOUT_RETURN_TYPE = YES;
				GCC_WARN_UNUSED_VARIABLE = YES;
				MACOSX_DEPLOYMENT_TARGET = 10.6;
				ONLY_ACTIVE_ARCH = YES;
				PRODUCT_VERSION = 1.3.0;
				SDKROOT = macosx;
				SKIP_INSTALL = YES;
			};
			name = Debug;
		};
		92D922DE14EAEB2A008AB70E /* Release */ = {
			isa = XCBuildConfiguration;
			buildSettings = {
				ALWAYS_SEARCH_USER_PATHS = NO;
				ARCHS = "$(ARCHS_STANDARD_32_64_BIT)";
				COPYRIGHT = "Copyright © 2012 Pavel Prokofiev. All rights reserved.";
				COPY_PHASE_STRIP = YES;
				DEBUG_INFORMATION_FORMAT = "dwarf-with-dsym";
				GCC_C_LANGUAGE_STANDARD = gnu99;
				GCC_ENABLE_OBJC_EXCEPTIONS = YES;
				GCC_ENABLE_OBJC_GC = supported;
				GCC_VERSION = com.apple.compilers.llvm.clang.1_0;
				GCC_WARN_64_TO_32_BIT_CONVERSION = YES;
				GCC_WARN_ABOUT_MISSING_PROTOTYPES = YES;
				GCC_WARN_ABOUT_RETURN_TYPE = YES;
				GCC_WARN_UNUSED_VARIABLE = YES;
				MACOSX_DEPLOYMENT_TARGET = 10.6;
				PRODUCT_VERSION = 1.3.0;
				SDKROOT = macosx;
				SKIP_INSTALL = YES;
			};
			name = Release;
		};
		92D922E014EAEB2A008AB70E /* Debug */ = {
			isa = XCBuildConfiguration;
			buildSettings = {
				GCC_ENABLE_OBJC_GC = supported;
				GCC_PRECOMPILE_PREFIX_HEADER = YES;
				GCC_PREFIX_HEADER = "NoSleepPref/NoSleepPref-Prefix.pch";
				INFOPLIST_FILE = "NoSleepPref/NoSleepPref-Info.plist";
				INFOPLIST_PREPROCESS = YES;
				INSTALL_PATH = "$(HOME)/Library/PreferencePanes";
				PRODUCT_NAME = NoSleep;
				WRAPPER_EXTENSION = prefPane;
			};
			name = Debug;
		};
		92D922E114EAEB2A008AB70E /* Release */ = {
			isa = XCBuildConfiguration;
			buildSettings = {
				GCC_ENABLE_OBJC_GC = supported;
				GCC_PRECOMPILE_PREFIX_HEADER = YES;
				GCC_PREFIX_HEADER = "NoSleepPref/NoSleepPref-Prefix.pch";
				INFOPLIST_FILE = "NoSleepPref/NoSleepPref-Info.plist";
				INFOPLIST_PREPROCESS = YES;
				INSTALL_PATH = "$(HOME)/Library/PreferencePanes";
				PRODUCT_NAME = NoSleep;
				WRAPPER_EXTENSION = prefPane;
			};
			name = Release;
		};
/* End XCBuildConfiguration section */

/* Begin XCConfigurationList section */
		92D922BA14EAEB29008AB70E /* Build configuration list for PBXProject "NoSleepPref" */ = {
			isa = XCConfigurationList;
			buildConfigurations = (
				92D922DD14EAEB2A008AB70E /* Debug */,
				92D922DE14EAEB2A008AB70E /* Release */,
			);
			defaultConfigurationIsVisible = 0;
			defaultConfigurationName = Release;
		};
		92D922DF14EAEB2A008AB70E /* Build configuration list for PBXNativeTarget "NoSleepPref" */ = {
			isa = XCConfigurationList;
			buildConfigurations = (
				92D922E014EAEB2A008AB70E /* Debug */,
				92D922E114EAEB2A008AB70E /* Release */,
			);
			defaultConfigurationIsVisible = 0;
			defaultConfigurationName = Release;
		};
/* End XCConfigurationList section */
	};
	rootObject = 92D922B714EAEB29008AB70E /* Project object */;
}
