// !$*UTF8*$!
{
	archiveVersion = 1;
	classes = {
	};
	objectVersion = 46;
	objects = {

/* Begin PBXBuildFile section */
		9299A86C14F6108B00F1DB9F /* main.m in Sources */ = {isa = PBXBuildFile; fileRef = 9299A86B14F6108B00F1DB9F /* main.m */; };
		9299A86E14F6108B00F1DB9F /* NoSleepCtrl.1 in CopyFiles */ = {isa = PBXBuildFile; fileRef = 9299A86D14F6108B00F1DB9F /* NoSleepCtrl.1 */; };
		9299A87F14F610EF00F1DB9F /* libNoSleep.a in Frameworks */ = {isa = PBXBuildFile; fileRef = 9299A87C14F610E300F1DB9F /* libNoSleep.a */; };
		9299A88114F6199000F1DB9F /* IOKit.framework in Frameworks */ = {isa = PBXBuildFile; fileRef = 9299A88014F6199000F1DB9F /* IOKit.framework */; };
		9299A88314F61AFD00F1DB9F /* Cocoa.framework in Frameworks */ = {isa = PBXBuildFile; fileRef = 9299A88214F61AFD00F1DB9F /* Cocoa.framework */; };
/* End PBXBuildFile section */

/* Begin PBXContainerItemProxy section */
		9299A87914F610E300F1DB9F /* PBXContainerItemProxy */ = {
			isa = PBXContainerItemProxy;
			containerPortal = 9299A87414F610E300F1DB9F /* NoSleepFramework.xcodeproj */;
			proxyType = 2;
			remoteGlobalIDString = 921DD84814EAE2D9000EC9D0;
			remoteInfo = NoSleepFramework;
		};
		9299A87B14F610E300F1DB9F /* PBXContainerItemProxy */ = {
			isa = PBXContainerItemProxy;
			containerPortal = 9299A87414F610E300F1DB9F /* NoSleepFramework.xcodeproj */;
			proxyType = 2;
			remoteGlobalIDString = 92987E8A14EC2F5700DA7075;
			remoteInfo = NoSleepStatic;
		};
		9299A87D14F610E800F1DB9F /* PBXContainerItemProxy */ = {
			isa = PBXContainerItemProxy;
			containerPortal = 9299A87414F610E300F1DB9F /* NoSleepFramework.xcodeproj */;
			proxyType = 1;
			remoteGlobalIDString = 92987E8914EC2F5700DA7075;
			remoteInfo = NoSleepStatic;
		};
		9299A88414F6220B00F1DB9F /* PBXContainerItemProxy */ = {
			isa = PBXContainerItemProxy;
			containerPortal = 9299A87414F610E300F1DB9F /* NoSleepFramework.xcodeproj */;
			proxyType = 1;
			remoteGlobalIDString = 921DD84714EAE2D9000EC9D0;
			remoteInfo = NoSleepFramework;
		};
/* End PBXContainerItemProxy section */

/* Begin PBXCopyFilesBuildPhase section */
		9299A86214F6108B00F1DB9F /* CopyFiles */ = {
			isa = PBXCopyFilesBuildPhase;
			buildActionMask = 2147483647;
			dstPath = /usr/share/man/man1/;
			dstSubfolderSpec = 0;
			files = (
				9299A86E14F6108B00F1DB9F /* NoSleepCtrl.1 in CopyFiles */,
			);
			runOnlyForDeploymentPostprocessing = 1;
		};
/* End PBXCopyFilesBuildPhase section */

/* Begin PBXFileReference section */
		9299A86414F6108B00F1DB9F /* NoSleepCtrl */ = {isa = PBXFileReference; explicitFileType = "compiled.mach-o.executable"; includeInIndex = 0; path = NoSleepCtrl; sourceTree = BUILT_PRODUCTS_DIR; };
		9299A86B14F6108B00F1DB9F /* main.m */ = {isa = PBXFileReference; lastKnownFileType = sourcecode.c.objc; path = main.m; sourceTree = "<group>"; };
		9299A86D14F6108B00F1DB9F /* NoSleepCtrl.1 */ = {isa = PBXFileReference; lastKnownFileType = text.man; path = NoSleepCtrl.1; sourceTree = "<group>"; };
		9299A87414F610E300F1DB9F /* NoSleepFramework.xcodeproj */ = {isa = PBXFileReference; lastKnownFileType = "wrapper.pb-project"; name = NoSleepFramework.xcodeproj; path = ../NoSleepFramework/NoSleepFramework.xcodeproj; sourceTree = "<group>"; };
		9299A88014F6199000F1DB9F /* IOKit.framework */ = {isa = PBXFileReference; lastKnownFileType = wrapper.framework; name = IOKit.framework; path = System/Library/Frameworks/IOKit.framework; sourceTree = SDKROOT; };
		9299A88214F61AFD00F1DB9F /* Cocoa.framework */ = {isa = PBXFileReference; lastKnownFileType = wrapper.framework; name = Cocoa.framework; path = System/Library/Frameworks/Cocoa.framework; sourceTree = SDKROOT; };
/* End PBXFileReference section */

/* Begin PBXFrameworksBuildPhase section */
		9299A86114F6108B00F1DB9F /* Frameworks */ = {
			isa = PBXFrameworksBuildPhase;
			buildActionMask = 2147483647;
			files = (
				9299A88314F61AFD00F1DB9F /* Cocoa.framework in Frameworks */,
				9299A88114F6199000F1DB9F /* IOKit.framework in Frameworks */,
				9299A87F14F610EF00F1DB9F /* libNoSleep.a in Frameworks */,
			);
			runOnlyForDeploymentPostprocessing = 0;
		};
/* End PBXFrameworksBuildPhase section */

/* Begin PBXGroup section */
		9299A85914F6108B00F1DB9F = {
			isa = PBXGroup;
			children = (
				9299A87414F610E300F1DB9F /* NoSleepFramework.xcodeproj */,
				9299A86A14F6108B00F1DB9F /* NoSleepCtrl */,
				9299A86714F6108B00F1DB9F /* Frameworks */,
				9299A86514F6108B00F1DB9F /* Products */,
			);
			sourceTree = "<group>";
		};
		9299A86514F6108B00F1DB9F /* Products */ = {
			isa = PBXGroup;
			children = (
				9299A86414F6108B00F1DB9F /* NoSleepCtrl */,
			);
			name = Products;
			sourceTree = "<group>";
		};
		9299A86714F6108B00F1DB9F /* Frameworks */ = {
			isa = PBXGroup;
			children = (
				9299A88214F61AFD00F1DB9F /* Cocoa.framework */,
				9299A88014F6199000F1DB9F /* IOKit.framework */,
			);
			name = Frameworks;
			sourceTree = "<group>";
		};
		9299A86A14F6108B00F1DB9F /* NoSleepCtrl */ = {
			isa = PBXGroup;
			children = (
				9299A86B14F6108B00F1DB9F /* main.m */,
				9299A86D14F6108B00F1DB9F /* NoSleepCtrl.1 */,
			);
			path = NoSleepCtrl;
			sourceTree = "<group>";
		};
		9299A87514F610E300F1DB9F /* Products */ = {
			isa = PBXGroup;
			children = (
				9299A87A14F610E300F1DB9F /* NoSleep.framework */,
				9299A87C14F610E300F1DB9F /* libNoSleep.a */,
			);
			name = Products;
			sourceTree = "<group>";
		};
/* End PBXGroup section */

/* Begin PBXNativeTarget section */
		9299A86314F6108B00F1DB9F /* NoSleepCtrl */ = {
			isa = PBXNativeTarget;
			buildConfigurationList = 9299A87114F6108B00F1DB9F /* Build configuration list for PBXNativeTarget "NoSleepCtrl" */;
			buildPhases = (
				9299A86014F6108B00F1DB9F /* Sources */,
				9299A86114F6108B00F1DB9F /* Frameworks */,
				9299A86214F6108B00F1DB9F /* CopyFiles */,
			);
			buildRules = (
			);
			dependencies = (
				9299A88514F6220B00F1DB9F /* PBXTargetDependency */,
				9299A87E14F610E800F1DB9F /* PBXTargetDependency */,
			);
			name = NoSleepCtrl;
			productName = NoSleepCtrl;
			productReference = 9299A86414F6108B00F1DB9F /* NoSleepCtrl */;
			productType = "com.apple.product-type.tool";
		};
/* End PBXNativeTarget section */

/* Begin PBXProject section */
		9299A85B14F6108B00F1DB9F /* Project object */ = {
			isa = PBXProject;
			attributes = {
				LastUpgradeCheck = 0430;
			};
			buildConfigurationList = 9299A85E14F6108B00F1DB9F /* Build configuration list for PBXProject "NoSleepCtrl" */;
			compatibilityVersion = "Xcode 3.2";
			developmentRegion = English;
			hasScannedForEncodings = 0;
			knownRegions = (
				en,
			);
			mainGroup = 9299A85914F6108B00F1DB9F;
			productRefGroup = 9299A86514F6108B00F1DB9F /* Products */;
			projectDirPath = "";
			projectReferences = (
				{
					ProductGroup = 9299A87514F610E300F1DB9F /* Products */;
					ProjectRef = 9299A87414F610E300F1DB9F /* NoSleepFramework.xcodeproj */;
				},
			);
			projectRoot = "";
			targets = (
				9299A86314F6108B00F1DB9F /* NoSleepCtrl */,
			);
		};
/* End PBXProject section */

/* Begin PBXReferenceProxy section */
		9299A87A14F610E300F1DB9F /* NoSleep.framework */ = {
			isa = PBXReferenceProxy;
			fileType = wrapper.framework;
			path = NoSleep.framework;
			remoteRef = 9299A87914F610E300F1DB9F /* PBXContainerItemProxy */;
			sourceTree = BUILT_PRODUCTS_DIR;
		};
		9299A87C14F610E300F1DB9F /* libNoSleep.a */ = {
			isa = PBXReferenceProxy;
			fileType = archive.ar;
			path = libNoSleep.a;
			remoteRef = 9299A87B14F610E300F1DB9F /* PBXContainerItemProxy */;
			sourceTree = BUILT_PRODUCTS_DIR;
		};
/* End PBXReferenceProxy section */

/* Begin PBXSourcesBuildPhase section */
		9299A86014F6108B00F1DB9F /* Sources */ = {
			isa = PBXSourcesBuildPhase;
			buildActionMask = 2147483647;
			files = (
				9299A86C14F6108B00F1DB9F /* main.m in Sources */,
			);
			runOnlyForDeploymentPostprocessing = 0;
		};
/* End PBXSourcesBuildPhase section */

/* Begin PBXTargetDependency section */
		9299A87E14F610E800F1DB9F /* PBXTargetDependency */ = {
			isa = PBXTargetDependency;
			name = NoSleepStatic;
			targetProxy = 9299A87D14F610E800F1DB9F /* PBXContainerItemProxy */;
		};
		9299A88514F6220B00F1DB9F /* PBXTargetDependency */ = {
			isa = PBXTargetDependency;
			name = NoSleepFramework;
			targetProxy = 9299A88414F6220B00F1DB9F /* PBXContainerItemProxy */;
		};
/* End PBXTargetDependency section */

/* Begin XCBuildConfiguration section */
		9299A86F14F6108B00F1DB9F /* Debug */ = {
			isa = XCBuildConfiguration;
			buildSettings = {
				ALWAYS_SEARCH_USER_PATHS = NO;
				ARCHS = "$(ARCHS_STANDARD_64_BIT)";
				COPY_PHASE_STRIP = NO;
				GCC_C_LANGUAGE_STANDARD = gnu99;
				GCC_DYNAMIC_NO_PIC = NO;
				GCC_ENABLE_OBJC_EXCEPTIONS = YES;
				GCC_OPTIMIZATION_LEVEL = 0;
				GCC_PREPROCESSOR_DEFINITIONS = (
					"DEBUG=1",
					"$(inherited)",
				);
				GCC_SYMBOLS_PRIVATE_EXTERN = NO;
				GCC_VERSION = com.apple.compilers.llvm.clang.1_0;
				GCC_WARN_64_TO_32_BIT_CONVERSION = YES;
				GCC_WARN_ABOUT_MISSING_PROTOTYPES = YES;
				GCC_WARN_ABOUT_RETURN_TYPE = YES;
				GCC_WARN_UNUSED_VARIABLE = YES;
				MACOSX_DEPLOYMENT_TARGET = 10.7;
				ONLY_ACTIVE_ARCH = YES;
				SDKROOT = macosx;
			};
			name = Debug;
		};
		9299A87014F6108B00F1DB9F /* Release */ = {
			isa = XCBuildConfiguration;
			buildSettings = {
				ALWAYS_SEARCH_USER_PATHS = NO;
				ARCHS = "$(ARCHS_STANDARD_64_BIT)";
				COPY_PHASE_STRIP = YES;
				DEBUG_INFORMATION_FORMAT = "dwarf-with-dsym";
				GCC_C_LANGUAGE_STANDARD = gnu99;
				GCC_ENABLE_OBJC_EXCEPTIONS = YES;
				GCC_VERSION = com.apple.compilers.llvm.clang.1_0;
				GCC_WARN_64_TO_32_BIT_CONVERSION = YES;
				GCC_WARN_ABOUT_MISSING_PROTOTYPES = YES;
				GCC_WARN_ABOUT_RETURN_TYPE = YES;
				GCC_WARN_UNUSED_VARIABLE = YES;
				MACOSX_DEPLOYMENT_TARGET = 10.7;
				SDKROOT = macosx;
			};
			name = Release;
		};
		9299A87214F6108B00F1DB9F /* Debug */ = {
			isa = XCBuildConfiguration;
			buildSettings = {
				ARCHS = "$(ARCHS_STANDARD_32_64_BIT)";
				MACOSX_DEPLOYMENT_TARGET = 10.6;
				PRODUCT_NAME = "$(TARGET_NAME)";
			};
			name = Debug;
		};
		9299A87314F6108B00F1DB9F /* Release */ = {
			isa = XCBuildConfiguration;
			buildSettings = {
				ARCHS = "$(ARCHS_STANDARD_32_64_BIT)";
				MACOSX_DEPLOYMENT_TARGET = 10.6;
				PRODUCT_NAME = "$(TARGET_NAME)";
			};
			name = Release;
		};
/* End XCBuildConfiguration section */

/* Begin XCConfigurationList section */
		9299A85E14F6108B00F1DB9F /* Build configuration list for PBXProject "NoSleepCtrl" */ = {
			isa = XCConfigurationList;
			buildConfigurations = (
				9299A86F14F6108B00F1DB9F /* Debug */,
				9299A87014F6108B00F1DB9F /* Release */,
			);
			defaultConfigurationIsVisible = 0;
			defaultConfigurationName = Release;
		};
		9299A87114F6108B00F1DB9F /* Build configuration list for PBXNativeTarget "NoSleepCtrl" */ = {
			isa = XCConfigurationList;
			buildConfigurations = (
				9299A87214F6108B00F1DB9F /* Debug */,
				9299A87314F6108B00F1DB9F /* Release */,
			);
			defaultConfigurationIsVisible = 0;
			defaultConfigurationName = Release;
		};
/* End XCConfigurationList section */
	};
	rootObject = 9299A85B14F6108B00F1DB9F /* Project object */;
}
