// !$*UTF8*$!
{
	archiveVersion = 1;
	classes = {
	};
	objectVersion = 46;
	objects = {

/* Begin PBXBuildFile section */
		92B88A101683EC2000A2993F /* CoreFoundation.framework in Frameworks */ = {isa = PBXBuildFile; fileRef = 92B88A0F1683EC2000A2993F /* CoreFoundation.framework */; };
		92B88A131683EC2000A2993F /* main.m in Sources */ = {isa = PBXBuildFile; fileRef = 92B88A121683EC2000A2993F /* main.m */; };
		92B88A341683ED2A00A2993F /* libNoSleep.a in Frameworks */ = {isa = PBXBuildFile; fileRef = 92B88A301683ED0C00A2993F /* libNoSleep.a */; };
		92B88A371683EF0E00A2993F /* NoSleepController.m in Sources */ = {isa = PBXBuildFile; fileRef = 92B88A361683EF0E00A2993F /* NoSleepController.m */; };
		92B88A391683F10A00A2993F /* IOKit.framework in Frameworks */ = {isa = PBXBuildFile; fileRef = 92B88A381683F10A00A2993F /* IOKit.framework */; };
		92B88A3E16847FCD00A2993F /* NoSleep.framework in Frameworks */ = {isa = PBXBuildFile; fileRef = 92B88A3D16847FCD00A2993F /* NoSleep.framework */; };
/* End PBXBuildFile section */

/* Begin PBXCopyFilesBuildPhase section */
		92B88A091683EC2000A2993F /* CopyFiles */ = {
			isa = PBXCopyFilesBuildPhase;
			buildActionMask = 2147483647;
			dstPath = /usr/share/man/man1/;
			dstSubfolderSpec = 0;
			files = (
			);
			runOnlyForDeploymentPostprocessing = 1;
		};
/* End PBXCopyFilesBuildPhase section */

/* Begin PBXFileReference section */
		92B88A0B1683EC2000A2993F /* NoSleepDaemon */ = {isa = PBXFileReference; explicitFileType = "compiled.mach-o.executable"; includeInIndex = 0; path = NoSleepDaemon; sourceTree = BUILT_PRODUCTS_DIR; };
		92B88A0F1683EC2000A2993F /* CoreFoundation.framework */ = {isa = PBXFileReference; lastKnownFileType = wrapper.framework; name = CoreFoundation.framework; path = System/Library/Frameworks/CoreFoundation.framework; sourceTree = SDKROOT; };
		92B88A121683EC2000A2993F /* main.m */ = {isa = PBXFileReference; lastKnownFileType = sourcecode.c.objc; path = main.m; sourceTree = "<group>"; };
		92B88A301683ED0C00A2993F /* libNoSleep.a */ = {isa = PBXFileReference; lastKnownFileType = archive.ar; name = libNoSleep.a; path = ../../DerivedData/NoSleep/Build/Products/Debug/libNoSleep.a; sourceTree = "<group>"; };
		92B88A351683EF0E00A2993F /* NoSleepController.h */ = {isa = PBXFileReference; fileEncoding = 4; lastKnownFileType = sourcecode.c.h; path = NoSleepController.h; sourceTree = "<group>"; };
		92B88A361683EF0E00A2993F /* NoSleepController.m */ = {isa = PBXFileReference; fileEncoding = 4; lastKnownFileType = sourcecode.c.objc; path = NoSleepController.m; sourceTree = "<group>"; };
		92B88A381683F10A00A2993F /* IOKit.framework */ = {isa = PBXFileReference; lastKnownFileType = wrapper.framework; name = IOKit.framework; path = System/Library/Frameworks/IOKit.framework; sourceTree = SDKROOT; };
		92B88A3D16847FCD00A2993F /* NoSleep.framework */ = {isa = PBXFileReference; lastKnownFileType = wrapper.framework; name = NoSleep.framework; path = ../../DerivedData/NoSleep/Build/Products/Debug/NoSleep.framework; sourceTree = "<group>"; };
/* End PBXFileReference section */

/* Begin PBXFrameworksBuildPhase section */
		92B88A081683EC2000A2993F /* Frameworks */ = {
			isa = PBXFrameworksBuildPhase;
			buildActionMask = 2147483647;
			files = (
				92B88A3E16847FCD00A2993F /* NoSleep.framework in Frameworks */,
				92B88A391683F10A00A2993F /* IOKit.framework in Frameworks */,
				92B88A101683EC2000A2993F /* CoreFoundation.framework in Frameworks */,
				92B88A341683ED2A00A2993F /* libNoSleep.a in Frameworks */,
			);
			runOnlyForDeploymentPostprocessing = 0;
		};
/* End PBXFrameworksBuildPhase section */

/* Begin PBXGroup section */
		92B88A001683EC2000A2993F = {
			isa = PBXGroup;
			children = (
				92B88A111683EC2000A2993F /* NoSleepDaemon */,
				92B88A0E1683EC2000A2993F /* Frameworks */,
				92B88A0C1683EC2000A2993F /* Products */,
			);
			sourceTree = "<group>";
		};
		92B88A0C1683EC2000A2993F /* Products */ = {
			isa = PBXGroup;
			children = (
				92B88A0B1683EC2000A2993F /* NoSleepDaemon */,
			);
			name = Products;
			sourceTree = "<group>";
		};
		92B88A0E1683EC2000A2993F /* Frameworks */ = {
			isa = PBXGroup;
			children = (
				92B88A3D16847FCD00A2993F /* NoSleep.framework */,
				92B88A0F1683EC2000A2993F /* CoreFoundation.framework */,
				92B88A381683F10A00A2993F /* IOKit.framework */,
				92B88A301683ED0C00A2993F /* libNoSleep.a */,
			);
			name = Frameworks;
			sourceTree = "<group>";
		};
		92B88A111683EC2000A2993F /* NoSleepDaemon */ = {
			isa = PBXGroup;
			children = (
				92B88A351683EF0E00A2993F /* NoSleepController.h */,
				92B88A361683EF0E00A2993F /* NoSleepController.m */,
				92B88A121683EC2000A2993F /* main.m */,
			);
			path = NoSleepDaemon;
			sourceTree = "<group>";
		};
/* End PBXGroup section */

/* Begin PBXNativeTarget section */
		92B88A0A1683EC2000A2993F /* NoSleepDaemon */ = {
			isa = PBXNativeTarget;
			buildConfigurationList = 92B88A181683EC2000A2993F /* Build configuration list for PBXNativeTarget "NoSleepDaemon" */;
			buildPhases = (
				92B88A071683EC2000A2993F /* Sources */,
				92B88A081683EC2000A2993F /* Frameworks */,
				92B88A091683EC2000A2993F /* CopyFiles */,
			);
			buildRules = (
			);
			dependencies = (
			);
			name = NoSleepDaemon;
			productName = NoSleepDaemon;
			productReference = 92B88A0B1683EC2000A2993F /* NoSleepDaemon */;
			productType = "com.apple.product-type.tool";
		};
/* End PBXNativeTarget section */

/* Begin PBXProject section */
		92B88A021683EC2000A2993F /* Project object */ = {
			isa = PBXProject;
			attributes = {
				LastUpgradeCheck = 0450;
				ORGANIZATIONNAME = "Pavel Prokofiev";
			};
			buildConfigurationList = 92B88A051683EC2000A2993F /* Build configuration list for PBXProject "NoSleepDaemon" */;
			compatibilityVersion = "Xcode 3.2";
			developmentRegion = English;
			hasScannedForEncodings = 0;
			knownRegions = (
				en,
			);
			mainGroup = 92B88A001683EC2000A2993F;
			productRefGroup = 92B88A0C1683EC2000A2993F /* Products */;
			projectDirPath = "";
			projectRoot = "";
			targets = (
				92B88A0A1683EC2000A2993F /* NoSleepDaemon */,
			);
		};
/* End PBXProject section */

/* Begin PBXSourcesBuildPhase section */
		92B88A071683EC2000A2993F /* Sources */ = {
			isa = PBXSourcesBuildPhase;
			buildActionMask = 2147483647;
			files = (
				92B88A131683EC2000A2993F /* main.m in Sources */,
				92B88A371683EF0E00A2993F /* NoSleepController.m in Sources */,
			);
			runOnlyForDeploymentPostprocessing = 0;
		};
/* End PBXSourcesBuildPhase section */

/* Begin XCBuildConfiguration section */
		92B88A161683EC2000A2993F /* Debug */ = {
			isa = XCBuildConfiguration;
			buildSettings = {
				ALWAYS_SEARCH_USER_PATHS = NO;
				ARCHS = "$(ARCHS_STANDARD_64_BIT)";
				CLANG_CXX_LANGUAGE_STANDARD = "gnu++0x";
				CLANG_CXX_LIBRARY = "libc++";
				CLANG_WARN_EMPTY_BODY = YES;
				CLANG_WARN__DUPLICATE_METHOD_MATCH = YES;
				COPY_PHASE_STRIP = NO;
				GCC_C_LANGUAGE_STANDARD = gnu99;
				GCC_DYNAMIC_NO_PIC = NO;
				GCC_ENABLE_OBJC_EXCEPTIONS = YES;
				GCC_OPTIMIZATION_LEVEL = 0;
				GCC_PREPROCESSOR_DEFINITIONS = (
					"DEBUG=1",
					"$(inherited)",
				);
				GCC_SYMBOLS_PRIVATE_EXTERN = NO;
				GCC_WARN_64_TO_32_BIT_CONVERSION = YES;
				GCC_WARN_ABOUT_RETURN_TYPE = YES;
				GCC_WARN_UNINITIALIZED_AUTOS = YES;
				GCC_WARN_UNUSED_VARIABLE = YES;
				MACOSX_DEPLOYMENT_TARGET = 10.8;
				ONLY_ACTIVE_ARCH = YES;
				SDKROOT = macosx;
			};
			name = Debug;
		};
		92B88A171683EC2000A2993F /* Release */ = {
			isa = XCBuildConfiguration;
			buildSettings = {
				ALWAYS_SEARCH_USER_PATHS = NO;
				ARCHS = "$(ARCHS_STANDARD_64_BIT)";
				CLANG_CXX_LANGUAGE_STANDARD = "gnu++0x";
				CLANG_CXX_LIBRARY = "libc++";
				CLANG_WARN_EMPTY_BODY = YES;
				CLANG_WARN__DUPLICATE_METHOD_MATCH = YES;
				COPY_PHASE_STRIP = YES;
				DEBUG_INFORMATION_FORMAT = "dwarf-with-dsym";
				GCC_C_LANGUAGE_STANDARD = gnu99;
				GCC_ENABLE_OBJC_EXCEPTIONS = YES;
				GCC_WARN_64_TO_32_BIT_CONVERSION = YES;
				GCC_WARN_ABOUT_RETURN_TYPE = YES;
				GCC_WARN_UNINITIALIZED_AUTOS = YES;
				GCC_WARN_UNUSED_VARIABLE = YES;
				MACOSX_DEPLOYMENT_TARGET = 10.8;
				SDKROOT = macosx;
			};
			name = Release;
		};
		92B88A191683EC2000A2993F /* Debug */ = {
			isa = XCBuildConfiguration;
			buildSettings = {
				FRAMEWORK_SEARCH_PATHS = (
					"$(inherited)",
					"\"$(SRCROOT)/../../DerivedData/NoSleep/Build/Products/Debug\"",
				);
				LIBRARY_SEARCH_PATHS = (
					"$(inherited)",
					"\"$(SRCROOT)/../../DerivedData/NoSleep/Build/Products/Debug\"",
				);
				PRODUCT_NAME = "$(TARGET_NAME)";
				PRODUCT_VERSION = 1.3.2;
			};
			name = Debug;
		};
		92B88A1A1683EC2000A2993F /* Release */ = {
			isa = XCBuildConfiguration;
			buildSettings = {
				FRAMEWORK_SEARCH_PATHS = (
					"$(inherited)",
					"\"$(SRCROOT)/../../DerivedData/NoSleep/Build/Products/Debug\"",
				);
				LIBRARY_SEARCH_PATHS = (
					"$(inherited)",
					"\"$(SRCROOT)/../../DerivedData/NoSleep/Build/Products/Debug\"",
				);
				PRODUCT_NAME = "$(TARGET_NAME)";
				PRODUCT_VERSION = 1.3.2;
			};
			name = Release;
		};
/* End XCBuildConfiguration section */

/* Begin XCConfigurationList section */
		92B88A051683EC2000A2993F /* Build configuration list for PBXProject "NoSleepDaemon" */ = {
			isa = XCConfigurationList;
			buildConfigurations = (
				92B88A161683EC2000A2993F /* Debug */,
				92B88A171683EC2000A2993F /* Release */,
			);
			defaultConfigurationIsVisible = 0;
			defaultConfigurationName = Release;
		};
		92B88A181683EC2000A2993F /* Build configuration list for PBXNativeTarget "NoSleepDaemon" */ = {
			isa = XCConfigurationList;
			buildConfigurations = (
				92B88A191683EC2000A2993F /* Debug */,
				92B88A1A1683EC2000A2993F /* Release */,
			);
			defaultConfigurationIsVisible = 0;
			defaultConfigurationName = Release;
		};
/* End XCConfigurationList section */
	};
	rootObject = 92B88A021683EC2000A2993F /* Project object */;
}
